// !$*UTF8*$!
{
	archiveVersion = 1;
	classes = {
	};
	objectVersion = 56;
	objects = {

/* Begin PBXBuildFile section */
		9910447B2AA450B900C94636 /* DataBaseRepository.swift in Sources */ = {isa = PBXBuildFile; fileRef = 9910447A2AA450B900C94636 /* DataBaseRepository.swift */; };
		9910447D2AA452E900C94636 /* DataBaseRepositoryProtocol.swift in Sources */ = {isa = PBXBuildFile; fileRef = 9910447C2AA452E900C94636 /* DataBaseRepositoryProtocol.swift */; };
		9910447F2AA454FC00C94636 /* CatalogPresenter.swift in Sources */ = {isa = PBXBuildFile; fileRef = 9910447E2AA454FC00C94636 /* CatalogPresenter.swift */; };
		991044812AA4555D00C94636 /* CatalogProtocol.swift in Sources */ = {isa = PBXBuildFile; fileRef = 991044802AA4555D00C94636 /* CatalogProtocol.swift */; };
		991044842AA4E28800C94636 /* Enum.swift in Sources */ = {isa = PBXBuildFile; fileRef = 991044832AA4E28800C94636 /* Enum.swift */; };
		993F7C592A2208A500FE8045 /* AppDelegate.swift in Sources */ = {isa = PBXBuildFile; fileRef = 993F7C582A2208A500FE8045 /* AppDelegate.swift */; };
		993F7C5B2A2208A500FE8045 /* SceneDelegate.swift in Sources */ = {isa = PBXBuildFile; fileRef = 993F7C5A2A2208A500FE8045 /* SceneDelegate.swift */; };
		993F7C5D2A2208A500FE8045 /* ViewController.swift in Sources */ = {isa = PBXBuildFile; fileRef = 993F7C5C2A2208A500FE8045 /* ViewController.swift */; };
		993F7C602A2208A500FE8045 /* Main.storyboard in Resources */ = {isa = PBXBuildFile; fileRef = 993F7C5E2A2208A500FE8045 /* Main.storyboard */; };
		993F7C622A2208AF00FE8045 /* Assets.xcassets in Resources */ = {isa = PBXBuildFile; fileRef = 993F7C612A2208AF00FE8045 /* Assets.xcassets */; };
		993F7C652A2208AF00FE8045 /* LaunchScreen.storyboard in Resources */ = {isa = PBXBuildFile; fileRef = 993F7C632A2208AF00FE8045 /* LaunchScreen.storyboard */; };
		993F7C702A2208AF00FE8045 /* ImageMemoryAppTests.swift in Sources */ = {isa = PBXBuildFile; fileRef = 993F7C6F2A2208AF00FE8045 /* ImageMemoryAppTests.swift */; };
		993F7C7A2A2208AF00FE8045 /* ImageMemoryAppUITests.swift in Sources */ = {isa = PBXBuildFile; fileRef = 993F7C792A2208AF00FE8045 /* ImageMemoryAppUITests.swift */; };
		993F7C7C2A2208AF00FE8045 /* ImageMemoryAppUITestsLaunchTests.swift in Sources */ = {isa = PBXBuildFile; fileRef = 993F7C7B2A2208AF00FE8045 /* ImageMemoryAppUITestsLaunchTests.swift */; };
		993F7C962A22121500FE8045 /* SelectImageViewController.swift in Sources */ = {isa = PBXBuildFile; fileRef = 993F7C942A22121500FE8045 /* SelectImageViewController.swift */; };
		993F7C972A22121500FE8045 /* SelectImageViewController.xib in Resources */ = {isa = PBXBuildFile; fileRef = 993F7C952A22121500FE8045 /* SelectImageViewController.xib */; };
		993F7C9F2A22172600FE8045 /* SelectImageCollectionViewCell.swift in Sources */ = {isa = PBXBuildFile; fileRef = 993F7C9D2A22172600FE8045 /* SelectImageCollectionViewCell.swift */; };
		993F7CA02A22172600FE8045 /* SelectImageCollectionViewCell.xib in Resources */ = {isa = PBXBuildFile; fileRef = 993F7C9E2A22172600FE8045 /* SelectImageCollectionViewCell.xib */; };
		993F7CA32A22356A00FE8045 /* CropViewController in Frameworks */ = {isa = PBXBuildFile; productRef = 993F7CA22A22356A00FE8045 /* CropViewController */; };
		993F7CA52A22356A00FE8045 /* TOCropViewController in Frameworks */ = {isa = PBXBuildFile; productRef = 993F7CA42A22356A00FE8045 /* TOCropViewController */; };
		993F7CA72A223C3100FE8045 /* TrimmingImageViewController.swift in Sources */ = {isa = PBXBuildFile; fileRef = 993F7CA62A223C3100FE8045 /* TrimmingImageViewController.swift */; };
		993F7CAA2A224DED00FE8045 /* CreateImageViewController.swift in Sources */ = {isa = PBXBuildFile; fileRef = 993F7CA82A224DED00FE8045 /* CreateImageViewController.swift */; };
		993F7CAB2A224DED00FE8045 /* CreateImageViewController.xib in Resources */ = {isa = PBXBuildFile; fileRef = 993F7CA92A224DED00FE8045 /* CreateImageViewController.xib */; };
		993F7CB02A28E69800FE8045 /* CreateImagePresenter.swift in Sources */ = {isa = PBXBuildFile; fileRef = 993F7CAF2A28E69800FE8045 /* CreateImagePresenter.swift */; };
		993F7CB22A28E6D400FE8045 /* CreateImageProtocol.swift in Sources */ = {isa = PBXBuildFile; fileRef = 993F7CB12A28E6D400FE8045 /* CreateImageProtocol.swift */; };
		993F7CB52A28E7B200FE8045 /* SelectImagePresenter.swift in Sources */ = {isa = PBXBuildFile; fileRef = 993F7CB42A28E7B200FE8045 /* SelectImagePresenter.swift */; };
		993F7CB72A28E7C800FE8045 /* SelectImageProtocol.swift in Sources */ = {isa = PBXBuildFile; fileRef = 993F7CB62A28E7C800FE8045 /* SelectImageProtocol.swift */; };
		993F7CBB2A28E84700FE8045 /* TrimmingImagePresenter.swift in Sources */ = {isa = PBXBuildFile; fileRef = 993F7CBA2A28E84700FE8045 /* TrimmingImagePresenter.swift */; };
		993F7CBD2A28E85D00FE8045 /* TrimmingImageProtocol.swift in Sources */ = {isa = PBXBuildFile; fileRef = 993F7CBC2A28E85D00FE8045 /* TrimmingImageProtocol.swift */; };
		993F7CC12A28EBF900FE8045 /* ViewControllerFactory.swift in Sources */ = {isa = PBXBuildFile; fileRef = 993F7CC02A28EBF900FE8045 /* ViewControllerFactory.swift */; };
		993F7CC32A28EECC00FE8045 /* TabBarViewController.swift in Sources */ = {isa = PBXBuildFile; fileRef = 993F7CC22A28EECB00FE8045 /* TabBarViewController.swift */; };
		994BB85E2A4C86F800715CF4 /* ImageEditScreen.swift in Sources */ = {isa = PBXBuildFile; fileRef = 994BB85D2A4C86F800715CF4 /* ImageEditScreen.swift */; };
		99BA75892AAC886B000AB1A7 /* DetailWordPresenter.swift in Sources */ = {isa = PBXBuildFile; fileRef = 99BA75882AAC886B000AB1A7 /* DetailWordPresenter.swift */; };
		99BA758B2AAC887A000AB1A7 /* DetailWordProtocol.swift in Sources */ = {isa = PBXBuildFile; fileRef = 99BA758A2AAC887A000AB1A7 /* DetailWordProtocol.swift */; };
		99D7271B2A51731700AAB311 /* AccessTokens.swift in Sources */ = {isa = PBXBuildFile; fileRef = 99D7271A2A51731700AAB311 /* AccessTokens.swift */; };
		99D7271E2A5334A400AAB311 /* SDWebImage in Frameworks */ = {isa = PBXBuildFile; productRef = 99D7271D2A5334A400AAB311 /* SDWebImage */; };
		99D727202A5334A400AAB311 /* SDWebImageMapKit in Frameworks */ = {isa = PBXBuildFile; productRef = 99D7271F2A5334A400AAB311 /* SDWebImageMapKit */; };
		99D727242A55B3B100AAB311 /* DataBaseService.swift in Sources */ = {isa = PBXBuildFile; fileRef = 99D727232A55B3B100AAB311 /* DataBaseService.swift */; };
		99D727292A72DDB400AAB311 /* HomeViewController.swift in Sources */ = {isa = PBXBuildFile; fileRef = 99D727272A72DDB400AAB311 /* HomeViewController.swift */; };
		99D7272A2A72DDB400AAB311 /* HomeViewController.xib in Resources */ = {isa = PBXBuildFile; fileRef = 99D727282A72DDB400AAB311 /* HomeViewController.xib */; };
		99D7272D2A72DDD400AAB311 /* CatalogViewController.swift in Sources */ = {isa = PBXBuildFile; fileRef = 99D7272B2A72DDD400AAB311 /* CatalogViewController.swift */; };
		99D7272E2A72DDD400AAB311 /* CatalogViewController.xib in Resources */ = {isa = PBXBuildFile; fileRef = 99D7272C2A72DDD400AAB311 /* CatalogViewController.xib */; };
		99D727312A76AE8A00AAB311 /* CatalogTableViewCell.swift in Sources */ = {isa = PBXBuildFile; fileRef = 99D7272F2A76AE8A00AAB311 /* CatalogTableViewCell.swift */; };
		99D727322A76AE8A00AAB311 /* CatalogTableViewCell.xib in Resources */ = {isa = PBXBuildFile; fileRef = 99D727302A76AE8A00AAB311 /* CatalogTableViewCell.xib */; };
		99D727362A7968A800AAB311 /* DetailWordViewController.swift in Sources */ = {isa = PBXBuildFile; fileRef = 99D727342A7968A800AAB311 /* DetailWordViewController.swift */; };
		99D727372A7968A800AAB311 /* DetailWordViewController.xib in Resources */ = {isa = PBXBuildFile; fileRef = 99D727352A7968A800AAB311 /* DetailWordViewController.xib */; };
		99D727392A7F91A200AAB311 /* Converter.swift in Sources */ = {isa = PBXBuildFile; fileRef = 99D727382A7F91A200AAB311 /* Converter.swift */; };
		99E3CE732A812FDE00F1E2B7 /* FMDB in Frameworks */ = {isa = PBXBuildFile; productRef = 99E3CE722A812FDE00F1E2B7 /* FMDB */; };
/* End PBXBuildFile section */

/* Begin PBXContainerItemProxy section */
		993F7C6C2A2208AF00FE8045 /* PBXContainerItemProxy */ = {
			isa = PBXContainerItemProxy;
			containerPortal = 993F7C4D2A2208A500FE8045 /* Project object */;
			proxyType = 1;
			remoteGlobalIDString = 993F7C542A2208A500FE8045;
			remoteInfo = ImageMemoryApp;
		};
		993F7C762A2208AF00FE8045 /* PBXContainerItemProxy */ = {
			isa = PBXContainerItemProxy;
			containerPortal = 993F7C4D2A2208A500FE8045 /* Project object */;
			proxyType = 1;
			remoteGlobalIDString = 993F7C542A2208A500FE8045;
			remoteInfo = ImageMemoryApp;
		};
/* End PBXContainerItemProxy section */

/* Begin PBXFileReference section */
		9910447A2AA450B900C94636 /* DataBaseRepository.swift */ = {isa = PBXFileReference; lastKnownFileType = sourcecode.swift; path = DataBaseRepository.swift; sourceTree = "<group>"; };
		9910447C2AA452E900C94636 /* DataBaseRepositoryProtocol.swift */ = {isa = PBXFileReference; lastKnownFileType = sourcecode.swift; path = DataBaseRepositoryProtocol.swift; sourceTree = "<group>"; };
		9910447E2AA454FC00C94636 /* CatalogPresenter.swift */ = {isa = PBXFileReference; lastKnownFileType = sourcecode.swift; path = CatalogPresenter.swift; sourceTree = "<group>"; };
		991044802AA4555D00C94636 /* CatalogProtocol.swift */ = {isa = PBXFileReference; lastKnownFileType = sourcecode.swift; path = CatalogProtocol.swift; sourceTree = "<group>"; };
		991044832AA4E28800C94636 /* Enum.swift */ = {isa = PBXFileReference; lastKnownFileType = sourcecode.swift; path = Enum.swift; sourceTree = "<group>"; };
		993F7C552A2208A500FE8045 /* ImageMemoryApp.app */ = {isa = PBXFileReference; explicitFileType = wrapper.application; includeInIndex = 0; path = ImageMemoryApp.app; sourceTree = BUILT_PRODUCTS_DIR; };
		993F7C582A2208A500FE8045 /* AppDelegate.swift */ = {isa = PBXFileReference; lastKnownFileType = sourcecode.swift; path = AppDelegate.swift; sourceTree = "<group>"; };
		993F7C5A2A2208A500FE8045 /* SceneDelegate.swift */ = {isa = PBXFileReference; lastKnownFileType = sourcecode.swift; path = SceneDelegate.swift; sourceTree = "<group>"; };
		993F7C5C2A2208A500FE8045 /* ViewController.swift */ = {isa = PBXFileReference; lastKnownFileType = sourcecode.swift; path = ViewController.swift; sourceTree = "<group>"; };
		993F7C5F2A2208A500FE8045 /* Base */ = {isa = PBXFileReference; lastKnownFileType = file.storyboard; name = Base; path = Base.lproj/Main.storyboard; sourceTree = "<group>"; };
		993F7C612A2208AF00FE8045 /* Assets.xcassets */ = {isa = PBXFileReference; lastKnownFileType = folder.assetcatalog; path = Assets.xcassets; sourceTree = "<group>"; };
		993F7C642A2208AF00FE8045 /* Base */ = {isa = PBXFileReference; lastKnownFileType = file.storyboard; name = Base; path = Base.lproj/LaunchScreen.storyboard; sourceTree = "<group>"; };
		993F7C662A2208AF00FE8045 /* Info.plist */ = {isa = PBXFileReference; lastKnownFileType = text.plist.xml; path = Info.plist; sourceTree = "<group>"; };
		993F7C6B2A2208AF00FE8045 /* ImageMemoryAppTests.xctest */ = {isa = PBXFileReference; explicitFileType = wrapper.cfbundle; includeInIndex = 0; path = ImageMemoryAppTests.xctest; sourceTree = BUILT_PRODUCTS_DIR; };
		993F7C6F2A2208AF00FE8045 /* ImageMemoryAppTests.swift */ = {isa = PBXFileReference; lastKnownFileType = sourcecode.swift; path = ImageMemoryAppTests.swift; sourceTree = "<group>"; };
		993F7C752A2208AF00FE8045 /* ImageMemoryAppUITests.xctest */ = {isa = PBXFileReference; explicitFileType = wrapper.cfbundle; includeInIndex = 0; path = ImageMemoryAppUITests.xctest; sourceTree = BUILT_PRODUCTS_DIR; };
		993F7C792A2208AF00FE8045 /* ImageMemoryAppUITests.swift */ = {isa = PBXFileReference; lastKnownFileType = sourcecode.swift; path = ImageMemoryAppUITests.swift; sourceTree = "<group>"; };
		993F7C7B2A2208AF00FE8045 /* ImageMemoryAppUITestsLaunchTests.swift */ = {isa = PBXFileReference; lastKnownFileType = sourcecode.swift; path = ImageMemoryAppUITestsLaunchTests.swift; sourceTree = "<group>"; };
		993F7C942A22121500FE8045 /* SelectImageViewController.swift */ = {isa = PBXFileReference; lastKnownFileType = sourcecode.swift; path = SelectImageViewController.swift; sourceTree = "<group>"; };
		993F7C952A22121500FE8045 /* SelectImageViewController.xib */ = {isa = PBXFileReference; lastKnownFileType = file.xib; path = SelectImageViewController.xib; sourceTree = "<group>"; };
		993F7C9D2A22172600FE8045 /* SelectImageCollectionViewCell.swift */ = {isa = PBXFileReference; lastKnownFileType = sourcecode.swift; path = SelectImageCollectionViewCell.swift; sourceTree = "<group>"; };
		993F7C9E2A22172600FE8045 /* SelectImageCollectionViewCell.xib */ = {isa = PBXFileReference; lastKnownFileType = file.xib; path = SelectImageCollectionViewCell.xib; sourceTree = "<group>"; };
		993F7CA62A223C3100FE8045 /* TrimmingImageViewController.swift */ = {isa = PBXFileReference; lastKnownFileType = sourcecode.swift; path = TrimmingImageViewController.swift; sourceTree = "<group>"; };
		993F7CA82A224DED00FE8045 /* CreateImageViewController.swift */ = {isa = PBXFileReference; lastKnownFileType = sourcecode.swift; path = CreateImageViewController.swift; sourceTree = "<group>"; };
		993F7CA92A224DED00FE8045 /* CreateImageViewController.xib */ = {isa = PBXFileReference; lastKnownFileType = file.xib; path = CreateImageViewController.xib; sourceTree = "<group>"; };
		993F7CAF2A28E69800FE8045 /* CreateImagePresenter.swift */ = {isa = PBXFileReference; lastKnownFileType = sourcecode.swift; path = CreateImagePresenter.swift; sourceTree = "<group>"; };
		993F7CB12A28E6D400FE8045 /* CreateImageProtocol.swift */ = {isa = PBXFileReference; lastKnownFileType = sourcecode.swift; path = CreateImageProtocol.swift; sourceTree = "<group>"; };
		993F7CB42A28E7B200FE8045 /* SelectImagePresenter.swift */ = {isa = PBXFileReference; lastKnownFileType = sourcecode.swift; path = SelectImagePresenter.swift; sourceTree = "<group>"; };
		993F7CB62A28E7C800FE8045 /* SelectImageProtocol.swift */ = {isa = PBXFileReference; lastKnownFileType = sourcecode.swift; path = SelectImageProtocol.swift; sourceTree = "<group>"; };
		993F7CBA2A28E84700FE8045 /* TrimmingImagePresenter.swift */ = {isa = PBXFileReference; lastKnownFileType = sourcecode.swift; path = TrimmingImagePresenter.swift; sourceTree = "<group>"; };
		993F7CBC2A28E85D00FE8045 /* TrimmingImageProtocol.swift */ = {isa = PBXFileReference; lastKnownFileType = sourcecode.swift; path = TrimmingImageProtocol.swift; sourceTree = "<group>"; };
		993F7CC02A28EBF900FE8045 /* ViewControllerFactory.swift */ = {isa = PBXFileReference; lastKnownFileType = sourcecode.swift; path = ViewControllerFactory.swift; sourceTree = "<group>"; };
		993F7CC22A28EECB00FE8045 /* TabBarViewController.swift */ = {isa = PBXFileReference; lastKnownFileType = sourcecode.swift; path = TabBarViewController.swift; sourceTree = "<group>"; };
		994BB85D2A4C86F800715CF4 /* ImageEditScreen.swift */ = {isa = PBXFileReference; lastKnownFileType = sourcecode.swift; path = ImageEditScreen.swift; sourceTree = "<group>"; };
		99BA75882AAC886B000AB1A7 /* DetailWordPresenter.swift */ = {isa = PBXFileReference; lastKnownFileType = sourcecode.swift; path = DetailWordPresenter.swift; sourceTree = "<group>"; };
		99BA758A2AAC887A000AB1A7 /* DetailWordProtocol.swift */ = {isa = PBXFileReference; lastKnownFileType = sourcecode.swift; path = DetailWordProtocol.swift; sourceTree = "<group>"; };
		99D7271A2A51731700AAB311 /* AccessTokens.swift */ = {isa = PBXFileReference; lastKnownFileType = sourcecode.swift; path = AccessTokens.swift; sourceTree = "<group>"; };
		99D727232A55B3B100AAB311 /* DataBaseService.swift */ = {isa = PBXFileReference; lastKnownFileType = sourcecode.swift; path = DataBaseService.swift; sourceTree = "<group>"; };
		99D727272A72DDB400AAB311 /* HomeViewController.swift */ = {isa = PBXFileReference; lastKnownFileType = sourcecode.swift; path = HomeViewController.swift; sourceTree = "<group>"; };
		99D727282A72DDB400AAB311 /* HomeViewController.xib */ = {isa = PBXFileReference; lastKnownFileType = file.xib; path = HomeViewController.xib; sourceTree = "<group>"; };
		99D7272B2A72DDD400AAB311 /* CatalogViewController.swift */ = {isa = PBXFileReference; lastKnownFileType = sourcecode.swift; path = CatalogViewController.swift; sourceTree = "<group>"; };
		99D7272C2A72DDD400AAB311 /* CatalogViewController.xib */ = {isa = PBXFileReference; lastKnownFileType = file.xib; path = CatalogViewController.xib; sourceTree = "<group>"; };
		99D7272F2A76AE8A00AAB311 /* CatalogTableViewCell.swift */ = {isa = PBXFileReference; lastKnownFileType = sourcecode.swift; path = CatalogTableViewCell.swift; sourceTree = "<group>"; };
		99D727302A76AE8A00AAB311 /* CatalogTableViewCell.xib */ = {isa = PBXFileReference; lastKnownFileType = file.xib; path = CatalogTableViewCell.xib; sourceTree = "<group>"; };
		99D727342A7968A800AAB311 /* DetailWordViewController.swift */ = {isa = PBXFileReference; lastKnownFileType = sourcecode.swift; path = DetailWordViewController.swift; sourceTree = "<group>"; };
		99D727352A7968A800AAB311 /* DetailWordViewController.xib */ = {isa = PBXFileReference; lastKnownFileType = file.xib; path = DetailWordViewController.xib; sourceTree = "<group>"; };
		99D727382A7F91A200AAB311 /* Converter.swift */ = {isa = PBXFileReference; lastKnownFileType = sourcecode.swift; path = Converter.swift; sourceTree = "<group>"; };
/* End PBXFileReference section */

/* Begin PBXFrameworksBuildPhase section */
		993F7C522A2208A500FE8045 /* Frameworks */ = {
			isa = PBXFrameworksBuildPhase;
			buildActionMask = 2147483647;
			files = (
				99E3CE732A812FDE00F1E2B7 /* FMDB in Frameworks */,
				99D7271E2A5334A400AAB311 /* SDWebImage in Frameworks */,
				993F7CA52A22356A00FE8045 /* TOCropViewController in Frameworks */,
				99D727202A5334A400AAB311 /* SDWebImageMapKit in Frameworks */,
				993F7CA32A22356A00FE8045 /* CropViewController in Frameworks */,
			);
			runOnlyForDeploymentPostprocessing = 0;
		};
		993F7C682A2208AF00FE8045 /* Frameworks */ = {
			isa = PBXFrameworksBuildPhase;
			buildActionMask = 2147483647;
			files = (
			);
			runOnlyForDeploymentPostprocessing = 0;
		};
		993F7C722A2208AF00FE8045 /* Frameworks */ = {
			isa = PBXFrameworksBuildPhase;
			buildActionMask = 2147483647;
			files = (
			);
			runOnlyForDeploymentPostprocessing = 0;
		};
/* End PBXFrameworksBuildPhase section */

/* Begin PBXGroup section */
		991044792AA4509400C94636 /* Repository */ = {
			isa = PBXGroup;
			children = (
				9910447A2AA450B900C94636 /* DataBaseRepository.swift */,
				9910447C2AA452E900C94636 /* DataBaseRepositoryProtocol.swift */,
			);
			path = Repository;
			sourceTree = "<group>";
		};
		991044822AA4E25D00C94636 /* Enum */ = {
			isa = PBXGroup;
			children = (
				991044832AA4E28800C94636 /* Enum.swift */,
			);
			path = Enum;
			sourceTree = "<group>";
		};
		993F7C4C2A2208A500FE8045 = {
			isa = PBXGroup;
			children = (
				993F7C572A2208A500FE8045 /* ImageMemoryApp */,
				993F7C6E2A2208AF00FE8045 /* ImageMemoryAppTests */,
				993F7C782A2208AF00FE8045 /* ImageMemoryAppUITests */,
				993F7C562A2208A500FE8045 /* Products */,
			);
			sourceTree = "<group>";
		};
		993F7C562A2208A500FE8045 /* Products */ = {
			isa = PBXGroup;
			children = (
				993F7C552A2208A500FE8045 /* ImageMemoryApp.app */,
				993F7C6B2A2208AF00FE8045 /* ImageMemoryAppTests.xctest */,
				993F7C752A2208AF00FE8045 /* ImageMemoryAppUITests.xctest */,
			);
			name = Products;
			sourceTree = "<group>";
		};
		993F7C572A2208A500FE8045 /* ImageMemoryApp */ = {
			isa = PBXGroup;
			children = (
				991044822AA4E25D00C94636 /* Enum */,
				99D727332A79684600AAB311 /* DetailWord */,
				99D727262A72DB8800AAB311 /* Catalog */,
				99D727252A72DB7E00AAB311 /* Home */,
				99D727222A55B38800AAB311 /* Service */,
				99D727212A55B34C00AAB311 /* Data */,
				991044792AA4509400C94636 /* Repository */,
				994BB85C2A4C854800715CF4 /* Singleton */,
				993F7CBE2A28EBD000FE8045 /* Models */,
				993F7CB92A28E82400FE8045 /* TrimmingImage */,
				993F7CB82A28E7DE00FE8045 /* Cell */,
				993F7CB32A28E77600FE8045 /* SelectImage */,
				993F7CAE2A28E65C00FE8045 /* CreateImage */,
				993F7C582A2208A500FE8045 /* AppDelegate.swift */,
				993F7C5A2A2208A500FE8045 /* SceneDelegate.swift */,
				993F7C5C2A2208A500FE8045 /* ViewController.swift */,
				993F7C5E2A2208A500FE8045 /* Main.storyboard */,
				993F7C612A2208AF00FE8045 /* Assets.xcassets */,
				993F7C632A2208AF00FE8045 /* LaunchScreen.storyboard */,
				993F7C662A2208AF00FE8045 /* Info.plist */,
				993F7CC22A28EECB00FE8045 /* TabBarViewController.swift */,
				99D7271A2A51731700AAB311 /* AccessTokens.swift */,
				99D727382A7F91A200AAB311 /* Converter.swift */,
			);
			path = ImageMemoryApp;
			sourceTree = "<group>";
		};
		993F7C6E2A2208AF00FE8045 /* ImageMemoryAppTests */ = {
			isa = PBXGroup;
			children = (
				993F7C6F2A2208AF00FE8045 /* ImageMemoryAppTests.swift */,
			);
			path = ImageMemoryAppTests;
			sourceTree = "<group>";
		};
		993F7C782A2208AF00FE8045 /* ImageMemoryAppUITests */ = {
			isa = PBXGroup;
			children = (
				993F7C792A2208AF00FE8045 /* ImageMemoryAppUITests.swift */,
				993F7C7B2A2208AF00FE8045 /* ImageMemoryAppUITestsLaunchTests.swift */,
			);
			path = ImageMemoryAppUITests;
			sourceTree = "<group>";
		};
		993F7CAE2A28E65C00FE8045 /* CreateImage */ = {
			isa = PBXGroup;
			children = (
				993F7CA92A224DED00FE8045 /* CreateImageViewController.xib */,
				993F7CA82A224DED00FE8045 /* CreateImageViewController.swift */,
				993F7CAF2A28E69800FE8045 /* CreateImagePresenter.swift */,
				993F7CB12A28E6D400FE8045 /* CreateImageProtocol.swift */,
			);
			path = CreateImage;
			sourceTree = "<group>";
		};
		993F7CB32A28E77600FE8045 /* SelectImage */ = {
			isa = PBXGroup;
			children = (
				993F7C952A22121500FE8045 /* SelectImageViewController.xib */,
				993F7C942A22121500FE8045 /* SelectImageViewController.swift */,
				993F7CB42A28E7B200FE8045 /* SelectImagePresenter.swift */,
				993F7CB62A28E7C800FE8045 /* SelectImageProtocol.swift */,
			);
			path = SelectImage;
			sourceTree = "<group>";
		};
		993F7CB82A28E7DE00FE8045 /* Cell */ = {
			isa = PBXGroup;
			children = (
				993F7C9E2A22172600FE8045 /* SelectImageCollectionViewCell.xib */,
				993F7C9D2A22172600FE8045 /* SelectImageCollectionViewCell.swift */,
				99D727302A76AE8A00AAB311 /* CatalogTableViewCell.xib */,
				99D7272F2A76AE8A00AAB311 /* CatalogTableViewCell.swift */,
			);
			path = Cell;
			sourceTree = "<group>";
		};
		993F7CB92A28E82400FE8045 /* TrimmingImage */ = {
			isa = PBXGroup;
			children = (
				993F7CA62A223C3100FE8045 /* TrimmingImageViewController.swift */,
				993F7CBA2A28E84700FE8045 /* TrimmingImagePresenter.swift */,
				993F7CBC2A28E85D00FE8045 /* TrimmingImageProtocol.swift */,
			);
			path = TrimmingImage;
			sourceTree = "<group>";
		};
		993F7CBE2A28EBD000FE8045 /* Models */ = {
			isa = PBXGroup;
			children = (
				993F7CBF2A28EBD900FE8045 /* DI */,
			);
			path = Models;
			sourceTree = "<group>";
		};
		993F7CBF2A28EBD900FE8045 /* DI */ = {
			isa = PBXGroup;
			children = (
				993F7CC02A28EBF900FE8045 /* ViewControllerFactory.swift */,
			);
			path = DI;
			sourceTree = "<group>";
		};
		994BB85C2A4C854800715CF4 /* Singleton */ = {
			isa = PBXGroup;
			children = (
				994BB85D2A4C86F800715CF4 /* ImageEditScreen.swift */,
			);
			path = Singleton;
			sourceTree = "<group>";
		};
		99D727212A55B34C00AAB311 /* Data */ = {
			isa = PBXGroup;
			children = (
			);
			path = Data;
			sourceTree = "<group>";
		};
		99D727222A55B38800AAB311 /* Service */ = {
			isa = PBXGroup;
			children = (
				99D727232A55B3B100AAB311 /* DataBaseService.swift */,
			);
			path = Service;
			sourceTree = "<group>";
		};
		99D727252A72DB7E00AAB311 /* Home */ = {
			isa = PBXGroup;
			children = (
				99D727282A72DDB400AAB311 /* HomeViewController.xib */,
				99D727272A72DDB400AAB311 /* HomeViewController.swift */,
			);
			path = Home;
			sourceTree = "<group>";
		};
		99D727262A72DB8800AAB311 /* Catalog */ = {
			isa = PBXGroup;
			children = (
				99D7272C2A72DDD400AAB311 /* CatalogViewController.xib */,
				99D7272B2A72DDD400AAB311 /* CatalogViewController.swift */,
				9910447E2AA454FC00C94636 /* CatalogPresenter.swift */,
				991044802AA4555D00C94636 /* CatalogProtocol.swift */,
			);
			path = Catalog;
			sourceTree = "<group>";
		};
		99D727332A79684600AAB311 /* DetailWord */ = {
			isa = PBXGroup;
			children = (
				99D727352A7968A800AAB311 /* DetailWordViewController.xib */,
				99D727342A7968A800AAB311 /* DetailWordViewController.swift */,
				99BA75882AAC886B000AB1A7 /* DetailWordPresenter.swift */,
				99BA758A2AAC887A000AB1A7 /* DetailWordProtocol.swift */,
			);
			path = DetailWord;
			sourceTree = "<group>";
		};
/* End PBXGroup section */

/* Begin PBXNativeTarget section */
		993F7C542A2208A500FE8045 /* ImageMemoryApp */ = {
			isa = PBXNativeTarget;
			buildConfigurationList = 993F7C7F2A2208AF00FE8045 /* Build configuration list for PBXNativeTarget "ImageMemoryApp" */;
			buildPhases = (
				993F7C512A2208A500FE8045 /* Sources */,
				993F7C522A2208A500FE8045 /* Frameworks */,
				993F7C532A2208A500FE8045 /* Resources */,
			);
			buildRules = (
			);
			dependencies = (
			);
			name = ImageMemoryApp;
			packageProductDependencies = (
				993F7CA22A22356A00FE8045 /* CropViewController */,
				993F7CA42A22356A00FE8045 /* TOCropViewController */,
				99D7271D2A5334A400AAB311 /* SDWebImage */,
				99D7271F2A5334A400AAB311 /* SDWebImageMapKit */,
				99E3CE722A812FDE00F1E2B7 /* FMDB */,
			);
			productName = ImageMemoryApp;
			productReference = 993F7C552A2208A500FE8045 /* ImageMemoryApp.app */;
			productType = "com.apple.product-type.application";
		};
		993F7C6A2A2208AF00FE8045 /* ImageMemoryAppTests */ = {
			isa = PBXNativeTarget;
			buildConfigurationList = 993F7C822A2208AF00FE8045 /* Build configuration list for PBXNativeTarget "ImageMemoryAppTests" */;
			buildPhases = (
				993F7C672A2208AF00FE8045 /* Sources */,
				993F7C682A2208AF00FE8045 /* Frameworks */,
				993F7C692A2208AF00FE8045 /* Resources */,
			);
			buildRules = (
			);
			dependencies = (
				993F7C6D2A2208AF00FE8045 /* PBXTargetDependency */,
			);
			name = ImageMemoryAppTests;
			productName = ImageMemoryAppTests;
			productReference = 993F7C6B2A2208AF00FE8045 /* ImageMemoryAppTests.xctest */;
			productType = "com.apple.product-type.bundle.unit-test";
		};
		993F7C742A2208AF00FE8045 /* ImageMemoryAppUITests */ = {
			isa = PBXNativeTarget;
			buildConfigurationList = 993F7C852A2208AF00FE8045 /* Build configuration list for PBXNativeTarget "ImageMemoryAppUITests" */;
			buildPhases = (
				993F7C712A2208AF00FE8045 /* Sources */,
				993F7C722A2208AF00FE8045 /* Frameworks */,
				993F7C732A2208AF00FE8045 /* Resources */,
			);
			buildRules = (
			);
			dependencies = (
				993F7C772A2208AF00FE8045 /* PBXTargetDependency */,
			);
			name = ImageMemoryAppUITests;
			productName = ImageMemoryAppUITests;
			productReference = 993F7C752A2208AF00FE8045 /* ImageMemoryAppUITests.xctest */;
			productType = "com.apple.product-type.bundle.ui-testing";
		};
/* End PBXNativeTarget section */

/* Begin PBXProject section */
		993F7C4D2A2208A500FE8045 /* Project object */ = {
			isa = PBXProject;
			attributes = {
				BuildIndependentTargetsInParallel = 1;
				LastSwiftUpdateCheck = 1420;
				LastUpgradeCheck = 1420;
				TargetAttributes = {
					993F7C542A2208A500FE8045 = {
						CreatedOnToolsVersion = 14.2;
					};
					993F7C6A2A2208AF00FE8045 = {
						CreatedOnToolsVersion = 14.2;
						TestTargetID = 993F7C542A2208A500FE8045;
					};
					993F7C742A2208AF00FE8045 = {
						CreatedOnToolsVersion = 14.2;
						TestTargetID = 993F7C542A2208A500FE8045;
					};
				};
			};
			buildConfigurationList = 993F7C502A2208A500FE8045 /* Build configuration list for PBXProject "ImageMemoryApp" */;
			compatibilityVersion = "Xcode 14.0";
			developmentRegion = en;
			hasScannedForEncodings = 0;
			knownRegions = (
				en,
				Base,
			);
			mainGroup = 993F7C4C2A2208A500FE8045;
			packageReferences = (
				993F7CA12A22356A00FE8045 /* XCRemoteSwiftPackageReference "TOCropViewController" */,
				99D7271C2A5334A400AAB311 /* XCRemoteSwiftPackageReference "SDWebImage" */,
				99E3CE712A812FDE00F1E2B7 /* XCRemoteSwiftPackageReference "fmdb" */,
			);
			productRefGroup = 993F7C562A2208A500FE8045 /* Products */;
			projectDirPath = "";
			projectRoot = "";
			targets = (
				993F7C542A2208A500FE8045 /* ImageMemoryApp */,
				993F7C6A2A2208AF00FE8045 /* ImageMemoryAppTests */,
				993F7C742A2208AF00FE8045 /* ImageMemoryAppUITests */,
			);
		};
/* End PBXProject section */

/* Begin PBXResourcesBuildPhase section */
		993F7C532A2208A500FE8045 /* Resources */ = {
			isa = PBXResourcesBuildPhase;
			buildActionMask = 2147483647;
			files = (
				993F7CAB2A224DED00FE8045 /* CreateImageViewController.xib in Resources */,
				99D727372A7968A800AAB311 /* DetailWordViewController.xib in Resources */,
				993F7C972A22121500FE8045 /* SelectImageViewController.xib in Resources */,
				993F7C652A2208AF00FE8045 /* LaunchScreen.storyboard in Resources */,
				993F7C622A2208AF00FE8045 /* Assets.xcassets in Resources */,
				99D7272E2A72DDD400AAB311 /* CatalogViewController.xib in Resources */,
				993F7CA02A22172600FE8045 /* SelectImageCollectionViewCell.xib in Resources */,
				99D7272A2A72DDB400AAB311 /* HomeViewController.xib in Resources */,
				993F7C602A2208A500FE8045 /* Main.storyboard in Resources */,
				99D727322A76AE8A00AAB311 /* CatalogTableViewCell.xib in Resources */,
			);
			runOnlyForDeploymentPostprocessing = 0;
		};
		993F7C692A2208AF00FE8045 /* Resources */ = {
			isa = PBXResourcesBuildPhase;
			buildActionMask = 2147483647;
			files = (
			);
			runOnlyForDeploymentPostprocessing = 0;
		};
		993F7C732A2208AF00FE8045 /* Resources */ = {
			isa = PBXResourcesBuildPhase;
			buildActionMask = 2147483647;
			files = (
			);
			runOnlyForDeploymentPostprocessing = 0;
		};
/* End PBXResourcesBuildPhase section */

/* Begin PBXSourcesBuildPhase section */
		993F7C512A2208A500FE8045 /* Sources */ = {
			isa = PBXSourcesBuildPhase;
			buildActionMask = 2147483647;
			files = (
				99D7272D2A72DDD400AAB311 /* CatalogViewController.swift in Sources */,
				993F7C962A22121500FE8045 /* SelectImageViewController.swift in Sources */,
				993F7CC12A28EBF900FE8045 /* ViewControllerFactory.swift in Sources */,
				99D727292A72DDB400AAB311 /* HomeViewController.swift in Sources */,
				99D727242A55B3B100AAB311 /* DataBaseService.swift in Sources */,
				99D727362A7968A800AAB311 /* DetailWordViewController.swift in Sources */,
				993F7C5D2A2208A500FE8045 /* ViewController.swift in Sources */,
				993F7CA72A223C3100FE8045 /* TrimmingImageViewController.swift in Sources */,
				99BA758B2AAC887A000AB1A7 /* DetailWordProtocol.swift in Sources */,
				9910447B2AA450B900C94636 /* DataBaseRepository.swift in Sources */,
				993F7C9F2A22172600FE8045 /* SelectImageCollectionViewCell.swift in Sources */,
				993F7CB72A28E7C800FE8045 /* SelectImageProtocol.swift in Sources */,
				99D727312A76AE8A00AAB311 /* CatalogTableViewCell.swift in Sources */,
				993F7CBD2A28E85D00FE8045 /* TrimmingImageProtocol.swift in Sources */,
				993F7CB02A28E69800FE8045 /* CreateImagePresenter.swift in Sources */,
				993F7C592A2208A500FE8045 /* AppDelegate.swift in Sources */,
				99D727392A7F91A200AAB311 /* Converter.swift in Sources */,
				99BA75892AAC886B000AB1A7 /* DetailWordPresenter.swift in Sources */,
				994BB85E2A4C86F800715CF4 /* ImageEditScreen.swift in Sources */,
				991044812AA4555D00C94636 /* CatalogProtocol.swift in Sources */,
				993F7CB52A28E7B200FE8045 /* SelectImagePresenter.swift in Sources */,
				99D7271B2A51731700AAB311 /* AccessTokens.swift in Sources */,
				993F7CAA2A224DED00FE8045 /* CreateImageViewController.swift in Sources */,
				9910447F2AA454FC00C94636 /* CatalogPresenter.swift in Sources */,
				993F7CBB2A28E84700FE8045 /* TrimmingImagePresenter.swift in Sources */,
				993F7C5B2A2208A500FE8045 /* SceneDelegate.swift in Sources */,
				991044842AA4E28800C94636 /* Enum.swift in Sources */,
				993F7CC32A28EECC00FE8045 /* TabBarViewController.swift in Sources */,
				993F7CB22A28E6D400FE8045 /* CreateImageProtocol.swift in Sources */,
				9910447D2AA452E900C94636 /* DataBaseRepositoryProtocol.swift in Sources */,
			);
			runOnlyForDeploymentPostprocessing = 0;
		};
		993F7C672A2208AF00FE8045 /* Sources */ = {
			isa = PBXSourcesBuildPhase;
			buildActionMask = 2147483647;
			files = (
				993F7C702A2208AF00FE8045 /* ImageMemoryAppTests.swift in Sources */,
			);
			runOnlyForDeploymentPostprocessing = 0;
		};
		993F7C712A2208AF00FE8045 /* Sources */ = {
			isa = PBXSourcesBuildPhase;
			buildActionMask = 2147483647;
			files = (
				993F7C7A2A2208AF00FE8045 /* ImageMemoryAppUITests.swift in Sources */,
				993F7C7C2A2208AF00FE8045 /* ImageMemoryAppUITestsLaunchTests.swift in Sources */,
			);
			runOnlyForDeploymentPostprocessing = 0;
		};
/* End PBXSourcesBuildPhase section */

/* Begin PBXTargetDependency section */
		993F7C6D2A2208AF00FE8045 /* PBXTargetDependency */ = {
			isa = PBXTargetDependency;
			target = 993F7C542A2208A500FE8045 /* ImageMemoryApp */;
			targetProxy = 993F7C6C2A2208AF00FE8045 /* PBXContainerItemProxy */;
		};
		993F7C772A2208AF00FE8045 /* PBXTargetDependency */ = {
			isa = PBXTargetDependency;
			target = 993F7C542A2208A500FE8045 /* ImageMemoryApp */;
			targetProxy = 993F7C762A2208AF00FE8045 /* PBXContainerItemProxy */;
		};
/* End PBXTargetDependency section */

/* Begin PBXVariantGroup section */
		993F7C5E2A2208A500FE8045 /* Main.storyboard */ = {
			isa = PBXVariantGroup;
			children = (
				993F7C5F2A2208A500FE8045 /* Base */,
			);
			name = Main.storyboard;
			sourceTree = "<group>";
		};
		993F7C632A2208AF00FE8045 /* LaunchScreen.storyboard */ = {
			isa = PBXVariantGroup;
			children = (
				993F7C642A2208AF00FE8045 /* Base */,
			);
			name = LaunchScreen.storyboard;
			sourceTree = "<group>";
		};
/* End PBXVariantGroup section */

/* Begin XCBuildConfiguration section */
		993F7C7D2A2208AF00FE8045 /* Debug */ = {
			isa = XCBuildConfiguration;
			buildSettings = {
				ALWAYS_SEARCH_USER_PATHS = NO;
				CLANG_ANALYZER_NONNULL = YES;
				CLANG_ANALYZER_NUMBER_OBJECT_CONVERSION = YES_AGGRESSIVE;
				CLANG_CXX_LANGUAGE_STANDARD = "gnu++20";
				CLANG_ENABLE_MODULES = YES;
				CLANG_ENABLE_OBJC_ARC = YES;
				CLANG_ENABLE_OBJC_WEAK = YES;
				CLANG_WARN_BLOCK_CAPTURE_AUTORELEASING = YES;
				CLANG_WARN_BOOL_CONVERSION = YES;
				CLANG_WARN_COMMA = YES;
				CLANG_WARN_CONSTANT_CONVERSION = YES;
				CLANG_WARN_DEPRECATED_OBJC_IMPLEMENTATIONS = YES;
				CLANG_WARN_DIRECT_OBJC_ISA_USAGE = YES_ERROR;
				CLANG_WARN_DOCUMENTATION_COMMENTS = YES;
				CLANG_WARN_EMPTY_BODY = YES;
				CLANG_WARN_ENUM_CONVERSION = YES;
				CLANG_WARN_INFINITE_RECURSION = YES;
				CLANG_WARN_INT_CONVERSION = YES;
				CLANG_WARN_NON_LITERAL_NULL_CONVERSION = YES;
				CLANG_WARN_OBJC_IMPLICIT_RETAIN_SELF = YES;
				CLANG_WARN_OBJC_LITERAL_CONVERSION = YES;
				CLANG_WARN_OBJC_ROOT_CLASS = YES_ERROR;
				CLANG_WARN_QUOTED_INCLUDE_IN_FRAMEWORK_HEADER = YES;
				CLANG_WARN_RANGE_LOOP_ANALYSIS = YES;
				CLANG_WARN_STRICT_PROTOTYPES = YES;
				CLANG_WARN_SUSPICIOUS_MOVE = YES;
				CLANG_WARN_UNGUARDED_AVAILABILITY = YES_AGGRESSIVE;
				CLANG_WARN_UNREACHABLE_CODE = YES;
				CLANG_WARN__DUPLICATE_METHOD_MATCH = YES;
				COPY_PHASE_STRIP = NO;
				DEBUG_INFORMATION_FORMAT = dwarf;
				ENABLE_STRICT_OBJC_MSGSEND = YES;
				ENABLE_TESTABILITY = YES;
				GCC_C_LANGUAGE_STANDARD = gnu11;
				GCC_DYNAMIC_NO_PIC = NO;
				GCC_NO_COMMON_BLOCKS = YES;
				GCC_OPTIMIZATION_LEVEL = 0;
				GCC_PREPROCESSOR_DEFINITIONS = (
					"DEBUG=1",
					"$(inherited)",
				);
				GCC_WARN_64_TO_32_BIT_CONVERSION = YES;
				GCC_WARN_ABOUT_RETURN_TYPE = YES_ERROR;
				GCC_WARN_UNDECLARED_SELECTOR = YES;
				GCC_WARN_UNINITIALIZED_AUTOS = YES_AGGRESSIVE;
				GCC_WARN_UNUSED_FUNCTION = YES;
				GCC_WARN_UNUSED_VARIABLE = YES;
				IPHONEOS_DEPLOYMENT_TARGET = 16.2;
				MTL_ENABLE_DEBUG_INFO = INCLUDE_SOURCE;
				MTL_FAST_MATH = YES;
				ONLY_ACTIVE_ARCH = YES;
				SDKROOT = iphoneos;
				SWIFT_ACTIVE_COMPILATION_CONDITIONS = DEBUG;
				SWIFT_OPTIMIZATION_LEVEL = "-Onone";
			};
			name = Debug;
		};
		993F7C7E2A2208AF00FE8045 /* Release */ = {
			isa = XCBuildConfiguration;
			buildSettings = {
				ALWAYS_SEARCH_USER_PATHS = NO;
				CLANG_ANALYZER_NONNULL = YES;
				CLANG_ANALYZER_NUMBER_OBJECT_CONVERSION = YES_AGGRESSIVE;
				CLANG_CXX_LANGUAGE_STANDARD = "gnu++20";
				CLANG_ENABLE_MODULES = YES;
				CLANG_ENABLE_OBJC_ARC = YES;
				CLANG_ENABLE_OBJC_WEAK = YES;
				CLANG_WARN_BLOCK_CAPTURE_AUTORELEASING = YES;
				CLANG_WARN_BOOL_CONVERSION = YES;
				CLANG_WARN_COMMA = YES;
				CLANG_WARN_CONSTANT_CONVERSION = YES;
				CLANG_WARN_DEPRECATED_OBJC_IMPLEMENTATIONS = YES;
				CLANG_WARN_DIRECT_OBJC_ISA_USAGE = YES_ERROR;
				CLANG_WARN_DOCUMENTATION_COMMENTS = YES;
				CLANG_WARN_EMPTY_BODY = YES;
				CLANG_WARN_ENUM_CONVERSION = YES;
				CLANG_WARN_INFINITE_RECURSION = YES;
				CLANG_WARN_INT_CONVERSION = YES;
				CLANG_WARN_NON_LITERAL_NULL_CONVERSION = YES;
				CLANG_WARN_OBJC_IMPLICIT_RETAIN_SELF = YES;
				CLANG_WARN_OBJC_LITERAL_CONVERSION = YES;
				CLANG_WARN_OBJC_ROOT_CLASS = YES_ERROR;
				CLANG_WARN_QUOTED_INCLUDE_IN_FRAMEWORK_HEADER = YES;
				CLANG_WARN_RANGE_LOOP_ANALYSIS = YES;
				CLANG_WARN_STRICT_PROTOTYPES = YES;
				CLANG_WARN_SUSPICIOUS_MOVE = YES;
				CLANG_WARN_UNGUARDED_AVAILABILITY = YES_AGGRESSIVE;
				CLANG_WARN_UNREACHABLE_CODE = YES;
				CLANG_WARN__DUPLICATE_METHOD_MATCH = YES;
				COPY_PHASE_STRIP = NO;
				DEBUG_INFORMATION_FORMAT = "dwarf-with-dsym";
				ENABLE_NS_ASSERTIONS = NO;
				ENABLE_STRICT_OBJC_MSGSEND = YES;
				GCC_C_LANGUAGE_STANDARD = gnu11;
				GCC_NO_COMMON_BLOCKS = YES;
				GCC_WARN_64_TO_32_BIT_CONVERSION = YES;
				GCC_WARN_ABOUT_RETURN_TYPE = YES_ERROR;
				GCC_WARN_UNDECLARED_SELECTOR = YES;
				GCC_WARN_UNINITIALIZED_AUTOS = YES_AGGRESSIVE;
				GCC_WARN_UNUSED_FUNCTION = YES;
				GCC_WARN_UNUSED_VARIABLE = YES;
				IPHONEOS_DEPLOYMENT_TARGET = 16.2;
				MTL_ENABLE_DEBUG_INFO = NO;
				MTL_FAST_MATH = YES;
				SDKROOT = iphoneos;
				SWIFT_COMPILATION_MODE = wholemodule;
				SWIFT_OPTIMIZATION_LEVEL = "-O";
				VALIDATE_PRODUCT = YES;
			};
			name = Release;
		};
		993F7C802A2208AF00FE8045 /* Debug */ = {
			isa = XCBuildConfiguration;
			buildSettings = {
				ASSETCATALOG_COMPILER_APPICON_NAME = AppIcon;
				ASSETCATALOG_COMPILER_GLOBAL_ACCENT_COLOR_NAME = AccentColor;
				CODE_SIGN_STYLE = Automatic;
				CURRENT_PROJECT_VERSION = 1;
				DEVELOPMENT_TEAM = 52LU863YVH;
				GENERATE_INFOPLIST_FILE = YES;
				INFOPLIST_FILE = ImageMemoryApp/Info.plist;
				INFOPLIST_KEY_UIApplicationSupportsIndirectInputEvents = YES;
				INFOPLIST_KEY_UILaunchStoryboardName = Main.storyboard;
				INFOPLIST_KEY_UISupportedInterfaceOrientations_iPad = "UIInterfaceOrientationPortrait UIInterfaceOrientationPortraitUpsideDown UIInterfaceOrientationLandscapeLeft UIInterfaceOrientationLandscapeRight";
				INFOPLIST_KEY_UISupportedInterfaceOrientations_iPhone = "UIInterfaceOrientationPortrait UIInterfaceOrientationLandscapeLeft UIInterfaceOrientationLandscapeRight";
				LD_RUNPATH_SEARCH_PATHS = (
					"$(inherited)",
					"@executable_path/Frameworks",
				);
				MARKETING_VERSION = 1.0;
				PRODUCT_BUNDLE_IDENTIFIER = com.takutoono.ImageMemoryApp;
				PRODUCT_NAME = "$(TARGET_NAME)";
				SWIFT_EMIT_LOC_STRINGS = YES;
				SWIFT_VERSION = 5.0;
				TARGETED_DEVICE_FAMILY = "1,2";
			};
			name = Debug;
		};
		993F7C812A2208AF00FE8045 /* Release */ = {
			isa = XCBuildConfiguration;
			buildSettings = {
				ASSETCATALOG_COMPILER_APPICON_NAME = AppIcon;
				ASSETCATALOG_COMPILER_GLOBAL_ACCENT_COLOR_NAME = AccentColor;
				CODE_SIGN_STYLE = Automatic;
				CURRENT_PROJECT_VERSION = 1;
				DEVELOPMENT_TEAM = 52LU863YVH;
				GENERATE_INFOPLIST_FILE = YES;
				INFOPLIST_FILE = ImageMemoryApp/Info.plist;
				INFOPLIST_KEY_UIApplicationSupportsIndirectInputEvents = YES;
				INFOPLIST_KEY_UILaunchStoryboardName = Main.storyboard;
				INFOPLIST_KEY_UISupportedInterfaceOrientations_iPad = "UIInterfaceOrientationPortrait UIInterfaceOrientationPortraitUpsideDown UIInterfaceOrientationLandscapeLeft UIInterfaceOrientationLandscapeRight";
				INFOPLIST_KEY_UISupportedInterfaceOrientations_iPhone = "UIInterfaceOrientationPortrait UIInterfaceOrientationLandscapeLeft UIInterfaceOrientationLandscapeRight";
				LD_RUNPATH_SEARCH_PATHS = (
					"$(inherited)",
					"@executable_path/Frameworks",
				);
				MARKETING_VERSION = 1.0;
				PRODUCT_BUNDLE_IDENTIFIER = com.takutoono.ImageMemoryApp;
				PRODUCT_NAME = "$(TARGET_NAME)";
				SWIFT_EMIT_LOC_STRINGS = YES;
				SWIFT_VERSION = 5.0;
				TARGETED_DEVICE_FAMILY = "1,2";
			};
			name = Release;
		};
		993F7C832A2208AF00FE8045 /* Debug */ = {
			isa = XCBuildConfiguration;
			buildSettings = {
				ALWAYS_EMBED_SWIFT_STANDARD_LIBRARIES = YES;
				BUNDLE_LOADER = "$(TEST_HOST)";
				CODE_SIGN_STYLE = Automatic;
				CURRENT_PROJECT_VERSION = 1;
				GENERATE_INFOPLIST_FILE = YES;
				IPHONEOS_DEPLOYMENT_TARGET = 16.2;
				MARKETING_VERSION = 1.0;
				PRODUCT_BUNDLE_IDENTIFIER = com.takutoono.ImageMemoryAppTests;
				PRODUCT_NAME = "$(TARGET_NAME)";
				SWIFT_EMIT_LOC_STRINGS = NO;
				SWIFT_VERSION = 5.0;
				TARGETED_DEVICE_FAMILY = "1,2";
				TEST_HOST = "$(BUILT_PRODUCTS_DIR)/ImageMemoryApp.app/$(BUNDLE_EXECUTABLE_FOLDER_PATH)/ImageMemoryApp";
			};
			name = Debug;
		};
		993F7C842A2208AF00FE8045 /* Release */ = {
			isa = XCBuildConfiguration;
			buildSettings = {
				ALWAYS_EMBED_SWIFT_STANDARD_LIBRARIES = YES;
				BUNDLE_LOADER = "$(TEST_HOST)";
				CODE_SIGN_STYLE = Automatic;
				CURRENT_PROJECT_VERSION = 1;
				GENERATE_INFOPLIST_FILE = YES;
				IPHONEOS_DEPLOYMENT_TARGET = 16.2;
				MARKETING_VERSION = 1.0;
				PRODUCT_BUNDLE_IDENTIFIER = com.takutoono.ImageMemoryAppTests;
				PRODUCT_NAME = "$(TARGET_NAME)";
				SWIFT_EMIT_LOC_STRINGS = NO;
				SWIFT_VERSION = 5.0;
				TARGETED_DEVICE_FAMILY = "1,2";
				TEST_HOST = "$(BUILT_PRODUCTS_DIR)/ImageMemoryApp.app/$(BUNDLE_EXECUTABLE_FOLDER_PATH)/ImageMemoryApp";
			};
			name = Release;
		};
		993F7C862A2208AF00FE8045 /* Debug */ = {
			isa = XCBuildConfiguration;
			buildSettings = {
				ALWAYS_EMBED_SWIFT_STANDARD_LIBRARIES = YES;
				CODE_SIGN_STYLE = Automatic;
				CURRENT_PROJECT_VERSION = 1;
				GENERATE_INFOPLIST_FILE = YES;
				MARKETING_VERSION = 1.0;
				PRODUCT_BUNDLE_IDENTIFIER = com.takutoono.ImageMemoryAppUITests;
				PRODUCT_NAME = "$(TARGET_NAME)";
				SWIFT_EMIT_LOC_STRINGS = NO;
				SWIFT_VERSION = 5.0;
				TARGETED_DEVICE_FAMILY = "1,2";
				TEST_TARGET_NAME = ImageMemoryApp;
			};
			name = Debug;
		};
		993F7C872A2208AF00FE8045 /* Release */ = {
			isa = XCBuildConfiguration;
			buildSettings = {
				ALWAYS_EMBED_SWIFT_STANDARD_LIBRARIES = YES;
				CODE_SIGN_STYLE = Automatic;
				CURRENT_PROJECT_VERSION = 1;
				GENERATE_INFOPLIST_FILE = YES;
				MARKETING_VERSION = 1.0;
				PRODUCT_BUNDLE_IDENTIFIER = com.takutoono.ImageMemoryAppUITests;
				PRODUCT_NAME = "$(TARGET_NAME)";
				SWIFT_EMIT_LOC_STRINGS = NO;
				SWIFT_VERSION = 5.0;
				TARGETED_DEVICE_FAMILY = "1,2";
				TEST_TARGET_NAME = ImageMemoryApp;
			};
			name = Release;
		};
/* End XCBuildConfiguration section */

/* Begin XCConfigurationList section */
		993F7C502A2208A500FE8045 /* Build configuration list for PBXProject "ImageMemoryApp" */ = {
			isa = XCConfigurationList;
			buildConfigurations = (
				993F7C7D2A2208AF00FE8045 /* Debug */,
				993F7C7E2A2208AF00FE8045 /* Release */,
			);
			defaultConfigurationIsVisible = 0;
			defaultConfigurationName = Release;
		};
		993F7C7F2A2208AF00FE8045 /* Build configuration list for PBXNativeTarget "ImageMemoryApp" */ = {
			isa = XCConfigurationList;
			buildConfigurations = (
				993F7C802A2208AF00FE8045 /* Debug */,
				993F7C812A2208AF00FE8045 /* Release */,
			);
			defaultConfigurationIsVisible = 0;
			defaultConfigurationName = Release;
		};
		993F7C822A2208AF00FE8045 /* Build configuration list for PBXNativeTarget "ImageMemoryAppTests" */ = {
			isa = XCConfigurationList;
			buildConfigurations = (
				993F7C832A2208AF00FE8045 /* Debug */,
				993F7C842A2208AF00FE8045 /* Release */,
			);
			defaultConfigurationIsVisible = 0;
			defaultConfigurationName = Release;
		};
		993F7C852A2208AF00FE8045 /* Build configuration list for PBXNativeTarget "ImageMemoryAppUITests" */ = {
			isa = XCConfigurationList;
			buildConfigurations = (
				993F7C862A2208AF00FE8045 /* Debug */,
				993F7C872A2208AF00FE8045 /* Release */,
			);
			defaultConfigurationIsVisible = 0;
			defaultConfigurationName = Release;
		};
/* End XCConfigurationList section */

/* Begin XCRemoteSwiftPackageReference section */
		993F7CA12A22356A00FE8045 /* XCRemoteSwiftPackageReference "TOCropViewController" */ = {
			isa = XCRemoteSwiftPackageReference;
			repositoryURL = "https://github.com/TimOliver/TOCropViewController.git";
			requirement = {
				kind = upToNextMajorVersion;
				minimumVersion = 2.0.0;
			};
		};
		99D7271C2A5334A400AAB311 /* XCRemoteSwiftPackageReference "SDWebImage" */ = {
			isa = XCRemoteSwiftPackageReference;
			repositoryURL = "https://github.com/SDWebImage/SDWebImage";
			requirement = {
				kind = upToNextMajorVersion;
				minimumVersion = 5.0.0;
			};
		};
		99E3CE712A812FDE00F1E2B7 /* XCRemoteSwiftPackageReference "fmdb" */ = {
			isa = XCRemoteSwiftPackageReference;
			repositoryURL = "https://github.com/ccgus/fmdb";
			requirement = {
				kind = upToNextMajorVersion;
				minimumVersion = 2.0.0;
			};
		};
/* End XCRemoteSwiftPackageReference section */

/* Begin XCSwiftPackageProductDependency section */
		993F7CA22A22356A00FE8045 /* CropViewController */ = {
			isa = XCSwiftPackageProductDependency;
			package = 993F7CA12A22356A00FE8045 /* XCRemoteSwiftPackageReference "TOCropViewController" */;
			productName = CropViewController;
		};
		993F7CA42A22356A00FE8045 /* TOCropViewController */ = {
			isa = XCSwiftPackageProductDependency;
			package = 993F7CA12A22356A00FE8045 /* XCRemoteSwiftPackageReference "TOCropViewController" */;
			productName = TOCropViewController;
		};
		99D7271D2A5334A400AAB311 /* SDWebImage */ = {
			isa = XCSwiftPackageProductDependency;
			package = 99D7271C2A5334A400AAB311 /* XCRemoteSwiftPackageReference "SDWebImage" */;
			productName = SDWebImage;
		};
		99D7271F2A5334A400AAB311 /* SDWebImageMapKit */ = {
			isa = XCSwiftPackageProductDependency;
			package = 99D7271C2A5334A400AAB311 /* XCRemoteSwiftPackageReference "SDWebImage" */;
			productName = SDWebImageMapKit;
		};
		99E3CE722A812FDE00F1E2B7 /* FMDB */ = {
			isa = XCSwiftPackageProductDependency;
			package = 99E3CE712A812FDE00F1E2B7 /* XCRemoteSwiftPackageReference "fmdb" */;
			productName = FMDB;
		};
/* End XCSwiftPackageProductDependency section */
	};
	rootObject = 993F7C4D2A2208A500FE8045 /* Project object */;
}
